
Microsoft Visual Studio Solution File, Format Version 12.00
# Visual Studio Version 16
VisualStudioVersion = 16.0.32413.511
MinimumVisualStudioVersion = 10.0.40219.1
Project("{FAE04EC0-301F-11D3-BF4B-00C04F79EFBC}") = "MoviesAPI", "MoviesAPI\MoviesAPI.csproj", "{BB922607-B260-482F-8C1C-EB5717F48694}"
EndProject
Global
	GlobalSection(SolutionConfigurationPlatforms) = preSolution
		Debug|Any CPU = Debug|Any CPU
		Release|Any CPU = Release|Any CPU
	EndGlobalSection
	GlobalSection(ProjectConfigurationPlatforms) = postSolution
		{BB922607-B260-482F-8C1C-EB5717F48694}.Debug|Any CPU.ActiveCfg = Debug|Any CPU
		{BB922607-B260-482F-8C1C-EB5717F48694}.Debug|Any CPU.Build.0 = Debug|Any CPU
		{BB922607-B260-482F-8C1C-EB5717F48694}.Release|Any CPU.ActiveCfg = Release|Any CPU
		{BB922607-B260-482F-8C1C-EB5717F48694}.Release|Any CPU.Build.0 = Release|Any CPU
	EndGlobalSection
	GlobalSection(SolutionProperties) = preSolution
		HideSolutionNode = FALSE
	EndGlobalSection
	GlobalSection(ExtensibilityGlobals) = postSolution
		SolutionGuid = {4A654D0A-85C0-4DA6-82A4-B6CFD549EBFE}
	EndGlobalSection
EndGlobal
